uuid: 72846eb2-fc06-4ef0-9d54-dea0e9ceda30
langcode: en
status: true
dependencies:
  module:
    - custom_block_module
    - system
  theme:
    - olivero
id: olivero_customformblock
theme: olivero
region: content
weight: 0
provider: null
plugin: custom_form_block
settings:
  id: custom_form_block
  label: 'Custom Form Block'
  label_display: visible
  provider: custom_block_module
visibility:
  request_path:
    id: request_path
    negate: false
    pages: '<front>'
